
Microsoft Visual Studio Solution File, Format Version 12.00
# Visual Studio Version 16
VisualStudioVersion = 16.0.30413.136
MinimumVisualStudioVersion = 10.0.40219.1
Project("{9A19103F-16F7-4668-BE54-9A1E7A4F7556}") = "angularApp22", "angularApp22.csproj", "{56F82254-2125-4659-A667-A30E44CDFC0E}"
EndProject
Project("{FAE04EC0-301F-11D3-BF4B-00C04F79EFBC}") = "APIService", "..\APIService\APIService.csproj", "{FD95EE5F-8EAB-4161-BCFA-F8129782D8A9}"
EndProject
Global
	GlobalSection(SolutionConfigurationPlatforms) = preSolution
		Debug|Any CPU = Debug|Any CPU
		Release|Any CPU = Release|Any CPU
	EndGlobalSection
	GlobalSection(ProjectConfigurationPlatforms) = postSolution
		{56F82254-2125-4659-A667-A30E44CDFC0E}.Debug|Any CPU.ActiveCfg = Debug|Any CPU
		{56F82254-2125-4659-A667-A30E44CDFC0E}.Debug|Any CPU.Build.0 = Debug|Any CPU
		{56F82254-2125-4659-A667-A30E44CDFC0E}.Release|Any CPU.ActiveCfg = Release|Any CPU
		{56F82254-2125-4659-A667-A30E44CDFC0E}.Release|Any CPU.Build.0 = Release|Any CPU
		{FD95EE5F-8EAB-4161-BCFA-F8129782D8A9}.Debug|Any CPU.ActiveCfg = Debug|Any CPU
		{FD95EE5F-8EAB-4161-BCFA-F8129782D8A9}.Debug|Any CPU.Build.0 = Debug|Any CPU
		{FD95EE5F-8EAB-4161-BCFA-F8129782D8A9}.Release|Any CPU.ActiveCfg = Release|Any CPU
		{FD95EE5F-8EAB-4161-BCFA-F8129782D8A9}.Release|Any CPU.Build.0 = Release|Any CPU
	EndGlobalSection
	GlobalSection(SolutionProperties) = preSolution
		HideSolutionNode = FALSE
	EndGlobalSection
	GlobalSection(ExtensibilityGlobals) = postSolution
		SolutionGuid = {3EE9E899-754E-4C68-9EFB-B7410FA1D441}
	EndGlobalSection
EndGlobal
